
Microsoft Visual Studio Solution File, Format Version 12.00
# Visual Studio Version 17
VisualStudioVersion = 17.8.34330.188
MinimumVisualStudioVersion = 10.0.40219.1
Project("{FAE04EC0-301F-11D3-BF4B-00C04F79EFBC}") = "GlobalSecurityNuget", "GlobalSecurityNuget.csproj", "{B894FBC0-F5B8-4371-912A-9557B33330D4}"
EndProject
Global
	GlobalSection(SolutionConfigurationPlatforms) = preSolution
		Debug|Any CPU = Debug|Any CPU
		Release|Any CPU = Release|Any CPU
	EndGlobalSection
	GlobalSection(ProjectConfigurationPlatforms) = postSolution
		{B894FBC0-F5B8-4371-912A-9557B33330D4}.Debug|Any CPU.ActiveCfg = Debug|Any CPU
		{B894FBC0-F5B8-4371-912A-9557B33330D4}.Debug|Any CPU.Build.0 = Debug|Any CPU
		{B894FBC0-F5B8-4371-912A-9557B33330D4}.Release|Any CPU.ActiveCfg = Release|Any CPU
		{B894FBC0-F5B8-4371-912A-9557B33330D4}.Release|Any CPU.Build.0 = Release|Any CPU
	EndGlobalSection
	GlobalSection(SolutionProperties) = preSolution
		HideSolutionNode = FALSE
	EndGlobalSection
	GlobalSection(ExtensibilityGlobals) = postSolution
		SolutionGuid = {7DB75C3D-8E42-480A-A185-C5FF1D84EC07}
	EndGlobalSection
EndGlobal
